
Microsoft Visual Studio Solution File, Format Version 12.00
# Visual Studio Version 16
VisualStudioVersion = 16.0.30717.126
MinimumVisualStudioVersion = 10.0.40219.1
Project("{2150E333-8FDC-42A3-9474-1A3956D46DE8}") = "driver", "driver", "{B1E66E62-8E97-49C3-8A6A-328714ED5511}"
EndProject
Project("{8BC9CEB8-8B4A-11D0-8D11-00A0C91BC942}") = "bleedblack", "driver\bleedblack\bleedblack.vcxproj", "{C0956810-2F8B-4A10-BBB7-FD3F68F168A9}"
EndProject
Project("{2150E333-8FDC-42A3-9474-1A3956D46DE8}") = "include", "include", "{8DE92034-5033-4BA1-8CB6-697087592677}"
EndProject
Project("{8BC9CEB8-8B4A-11D0-8D11-00A0C91BC942}") = "bleedblack", "bleedblack\bleedblack.vcxproj", "{DC6EA5B3-31BF-44E7-8F04-9364E637A314}"
EndProject
Project("{2150E333-8FDC-42A3-9474-1A3956D46DE8}") = "ntos", "ntos", "{4E1EA2F9-68E5-4C91-9379-EAB23FE0D37F}"
	ProjectSection(SolutionItems) = preProject
		include\ntos\halamd64.h = include\ntos\halamd64.h
		include\ntos\ntos.h = include\ntos\ntos.h
	EndProjectSection
EndProject
Project("{2150E333-8FDC-42A3-9474-1A3956D46DE8}") = "bleedblack", "bleedblack", "{5BE5FAEB-A683-4284-986F-439A93EB13B6}"
	ProjectSection(SolutionItems) = preProject
		include\bleedblack\bleedblack.h = include\bleedblack\bleedblack.h
		include\bleedblack\io.h = include\bleedblack\io.h
	EndProjectSection
EndProject
Project("{2150E333-8FDC-42A3-9474-1A3956D46DE8}") = "managed", "managed", "{AB18B6E8-FDFA-4809-9022-7333AE2AAEBD}"
EndProject
Project("{9A19103F-16F7-4668-BE54-9A1E7A4F7556}") = "bleedblack.net", "managed\bleedblack.net\bleedblack.net.csproj", "{24B66FBA-8630-4CA1-B8C6-E48539959996}"
	ProjectSection(ProjectDependencies) = postProject
		{EA04C64B-A23C-4EF1-8994-CE018E1D9642} = {EA04C64B-A23C-4EF1-8994-CE018E1D9642}
		{DC6EA5B3-31BF-44E7-8F04-9364E637A314} = {DC6EA5B3-31BF-44E7-8F04-9364E637A314}
	EndProjectSection
EndProject
Project("{9A19103F-16F7-4668-BE54-9A1E7A4F7556}") = "KdlCore.Native.Commons", "managed\KdlCore.Native.Commons\KdlCore.Native.Commons\KdlCore.Native.Commons.csproj", "{EA04C64B-A23C-4EF1-8994-CE018E1D9642}"
EndProject
Project("{2150E333-8FDC-42A3-9474-1A3956D46DE8}") = "examples", "examples", "{61CBAC4E-49F5-49AC-8DCA-57A21DABC8DD}"
EndProject
Project("{2150E333-8FDC-42A3-9474-1A3956D46DE8}") = "cpp", "cpp", "{1F2B2186-9FB8-4BCB-AA7D-B5042255861D}"
EndProject
Project("{8BC9CEB8-8B4A-11D0-8D11-00A0C91BC942}") = "BleedBlackCpp", "examples\cpp\BleedBlackCpp\BleedBlackCpp.vcxproj", "{DCDCCF92-89C1-4C21-B409-970CD0CF2D4E}"
	ProjectSection(ProjectDependencies) = postProject
		{DC6EA5B3-31BF-44E7-8F04-9364E637A314} = {DC6EA5B3-31BF-44E7-8F04-9364E637A314}
	EndProjectSection
EndProject
Project("{2150E333-8FDC-42A3-9474-1A3956D46DE8}") = "csharp", "csharp", "{A78B3DE5-B04C-453D-B2B9-DC638FD833C7}"
EndProject
Project("{FAE04EC0-301F-11D3-BF4B-00C04F79EFBC}") = "BleedBlackCSharp", "examples\csharp\BleedBlackCSharp\BleedBlackCSharp.csproj", "{0D03D4AD-B834-4BA3-A500-79F7429C5FF5}"
EndProject
Project("{2150E333-8FDC-42A3-9474-1A3956D46DE8}") = "c", "c", "{CC609FE1-2210-46C7-9DB7-22ED0BDC851B}"
EndProject
Project("{8BC9CEB8-8B4A-11D0-8D11-00A0C91BC942}") = "BleedBlackDirectIo", "examples\c\BleedBlackDirectIo\BleedBlackDirectIo.vcxproj", "{1FA26E14-6051-42D5-B7AB-AD1B416A1FA6}"
EndProject
Global
	GlobalSection(SolutionConfigurationPlatforms) = preSolution
		Debug|Any CPU = Debug|Any CPU
		Debug|x64 = Debug|x64
		Debug|x86 = Debug|x86
		Release|Any CPU = Release|Any CPU
		Release|x64 = Release|x64
		Release|x86 = Release|x86
	EndGlobalSection
	GlobalSection(ProjectConfigurationPlatforms) = postSolution
		{C0956810-2F8B-4A10-BBB7-FD3F68F168A9}.Debug|Any CPU.ActiveCfg = Debug|Win32
		{C0956810-2F8B-4A10-BBB7-FD3F68F168A9}.Debug|x64.ActiveCfg = Debug|x64
		{C0956810-2F8B-4A10-BBB7-FD3F68F168A9}.Debug|x64.Build.0 = Debug|x64
		{C0956810-2F8B-4A10-BBB7-FD3F68F168A9}.Debug|x64.Deploy.0 = Debug|x64
		{C0956810-2F8B-4A10-BBB7-FD3F68F168A9}.Debug|x86.ActiveCfg = Debug|Win32
		{C0956810-2F8B-4A10-BBB7-FD3F68F168A9}.Debug|x86.Build.0 = Debug|Win32
		{C0956810-2F8B-4A10-BBB7-FD3F68F168A9}.Debug|x86.Deploy.0 = Debug|Win32
		{C0956810-2F8B-4A10-BBB7-FD3F68F168A9}.Release|Any CPU.ActiveCfg = Release|Win32
		{C0956810-2F8B-4A10-BBB7-FD3F68F168A9}.Release|x64.ActiveCfg = Release|x64
		{C0956810-2F8B-4A10-BBB7-FD3F68F168A9}.Release|x64.Build.0 = Release|x64
		{C0956810-2F8B-4A10-BBB7-FD3F68F168A9}.Release|x64.Deploy.0 = Release|x64
		{C0956810-2F8B-4A10-BBB7-FD3F68F168A9}.Release|x86.ActiveCfg = Release|Win32
		{C0956810-2F8B-4A10-BBB7-FD3F68F168A9}.Release|x86.Build.0 = Release|Win32
		{C0956810-2F8B-4A10-BBB7-FD3F68F168A9}.Release|x86.Deploy.0 = Release|Win32
		{DC6EA5B3-31BF-44E7-8F04-9364E637A314}.Debug|Any CPU.ActiveCfg = Debug|Win32
		{DC6EA5B3-31BF-44E7-8F04-9364E637A314}.Debug|x64.ActiveCfg = Debug|x64
		{DC6EA5B3-31BF-44E7-8F04-9364E637A314}.Debug|x64.Build.0 = Debug|x64
		{DC6EA5B3-31BF-44E7-8F04-9364E637A314}.Debug|x86.ActiveCfg = Debug|Win32
		{DC6EA5B3-31BF-44E7-8F04-9364E637A314}.Debug|x86.Build.0 = Debug|Win32
		{DC6EA5B3-31BF-44E7-8F04-9364E637A314}.Release|Any CPU.ActiveCfg = Release|Win32
		{DC6EA5B3-31BF-44E7-8F04-9364E637A314}.Release|x64.ActiveCfg = Release|x64
		{DC6EA5B3-31BF-44E7-8F04-9364E637A314}.Release|x64.Build.0 = Release|x64
		{DC6EA5B3-31BF-44E7-8F04-9364E637A314}.Release|x86.ActiveCfg = Release|Win32
		{DC6EA5B3-31BF-44E7-8F04-9364E637A314}.Release|x86.Build.0 = Release|Win32
		{24B66FBA-8630-4CA1-B8C6-E48539959996}.Debug|Any CPU.ActiveCfg = Debug|Any CPU
		{24B66FBA-8630-4CA1-B8C6-E48539959996}.Debug|Any CPU.Build.0 = Debug|Any CPU
		{24B66FBA-8630-4CA1-B8C6-E48539959996}.Debug|x64.ActiveCfg = Debug|Any CPU
		{24B66FBA-8630-4CA1-B8C6-E48539959996}.Debug|x64.Build.0 = Debug|Any CPU
		{24B66FBA-8630-4CA1-B8C6-E48539959996}.Debug|x86.ActiveCfg = Debug|Any CPU
		{24B66FBA-8630-4CA1-B8C6-E48539959996}.Debug|x86.Build.0 = Debug|Any CPU
		{24B66FBA-8630-4CA1-B8C6-E48539959996}.Release|Any CPU.ActiveCfg = Release|Any CPU
		{24B66FBA-8630-4CA1-B8C6-E48539959996}.Release|Any CPU.Build.0 = Release|Any CPU
		{24B66FBA-8630-4CA1-B8C6-E48539959996}.Release|x64.ActiveCfg = Release|Any CPU
		{24B66FBA-8630-4CA1-B8C6-E48539959996}.Release|x64.Build.0 = Release|Any CPU
		{24B66FBA-8630-4CA1-B8C6-E48539959996}.Release|x86.ActiveCfg = Release|Any CPU
		{24B66FBA-8630-4CA1-B8C6-E48539959996}.Release|x86.Build.0 = Release|Any CPU
		{EA04C64B-A23C-4EF1-8994-CE018E1D9642}.Debug|Any CPU.ActiveCfg = Debug|Any CPU
		{EA04C64B-A23C-4EF1-8994-CE018E1D9642}.Debug|Any CPU.Build.0 = Debug|Any CPU
		{EA04C64B-A23C-4EF1-8994-CE018E1D9642}.Debug|x64.ActiveCfg = Debug|Any CPU
		{EA04C64B-A23C-4EF1-8994-CE018E1D9642}.Debug|x64.Build.0 = Debug|Any CPU
		{EA04C64B-A23C-4EF1-8994-CE018E1D9642}.Debug|x86.ActiveCfg = Debug|Any CPU
		{EA04C64B-A23C-4EF1-8994-CE018E1D9642}.Debug|x86.Build.0 = Debug|Any CPU
		{EA04C64B-A23C-4EF1-8994-CE018E1D9642}.Release|Any CPU.ActiveCfg = Release|Any CPU
		{EA04C64B-A23C-4EF1-8994-CE018E1D9642}.Release|Any CPU.Build.0 = Release|Any CPU
		{EA04C64B-A23C-4EF1-8994-CE018E1D9642}.Release|x64.ActiveCfg = Release|Any CPU
		{EA04C64B-A23C-4EF1-8994-CE018E1D9642}.Release|x64.Build.0 = Release|Any CPU
		{EA04C64B-A23C-4EF1-8994-CE018E1D9642}.Release|x86.ActiveCfg = Release|Any CPU
		{EA04C64B-A23C-4EF1-8994-CE018E1D9642}.Release|x86.Build.0 = Release|Any CPU
		{DCDCCF92-89C1-4C21-B409-970CD0CF2D4E}.Debug|Any CPU.ActiveCfg = Debug|Win32
		{DCDCCF92-89C1-4C21-B409-970CD0CF2D4E}.Debug|x64.ActiveCfg = Debug|x64
		{DCDCCF92-89C1-4C21-B409-970CD0CF2D4E}.Debug|x64.Build.0 = Debug|x64
		{DCDCCF92-89C1-4C21-B409-970CD0CF2D4E}.Debug|x86.ActiveCfg = Debug|Win32
		{DCDCCF92-89C1-4C21-B409-970CD0CF2D4E}.Debug|x86.Build.0 = Debug|Win32
		{DCDCCF92-89C1-4C21-B409-970CD0CF2D4E}.Release|Any CPU.ActiveCfg = Release|Win32
		{DCDCCF92-89C1-4C21-B409-970CD0CF2D4E}.Release|x64.ActiveCfg = Release|x64
		{DCDCCF92-89C1-4C21-B409-970CD0CF2D4E}.Release|x64.Build.0 = Release|x64
		{DCDCCF92-89C1-4C21-B409-970CD0CF2D4E}.Release|x86.ActiveCfg = Release|Win32
		{DCDCCF92-89C1-4C21-B409-970CD0CF2D4E}.Release|x86.Build.0 = Release|Win32
		{0D03D4AD-B834-4BA3-A500-79F7429C5FF5}.Debug|Any CPU.ActiveCfg = Debug|Any CPU
		{0D03D4AD-B834-4BA3-A500-79F7429C5FF5}.Debug|Any CPU.Build.0 = Debug|Any CPU
		{0D03D4AD-B834-4BA3-A500-79F7429C5FF5}.Debug|x64.ActiveCfg = Debug|Any CPU
		{0D03D4AD-B834-4BA3-A500-79F7429C5FF5}.Debug|x64.Build.0 = Debug|Any CPU
		{0D03D4AD-B834-4BA3-A500-79F7429C5FF5}.Debug|x86.ActiveCfg = Debug|Any CPU
		{0D03D4AD-B834-4BA3-A500-79F7429C5FF5}.Debug|x86.Build.0 = Debug|Any CPU
		{0D03D4AD-B834-4BA3-A500-79F7429C5FF5}.Release|Any CPU.ActiveCfg = Release|Any CPU
		{0D03D4AD-B834-4BA3-A500-79F7429C5FF5}.Release|Any CPU.Build.0 = Release|Any CPU
		{0D03D4AD-B834-4BA3-A500-79F7429C5FF5}.Release|x64.ActiveCfg = Release|Any CPU
		{0D03D4AD-B834-4BA3-A500-79F7429C5FF5}.Release|x64.Build.0 = Release|Any CPU
		{0D03D4AD-B834-4BA3-A500-79F7429C5FF5}.Release|x86.ActiveCfg = Release|Any CPU
		{0D03D4AD-B834-4BA3-A500-79F7429C5FF5}.Release|x86.Build.0 = Release|Any CPU
		{1FA26E14-6051-42D5-B7AB-AD1B416A1FA6}.Debug|Any CPU.ActiveCfg = Debug|Win32
		{1FA26E14-6051-42D5-B7AB-AD1B416A1FA6}.Debug|x64.ActiveCfg = Debug|x64
		{1FA26E14-6051-42D5-B7AB-AD1B416A1FA6}.Debug|x64.Build.0 = Debug|x64
		{1FA26E14-6051-42D5-B7AB-AD1B416A1FA6}.Debug|x86.ActiveCfg = Debug|Win32
		{1FA26E14-6051-42D5-B7AB-AD1B416A1FA6}.Debug|x86.Build.0 = Debug|Win32
		{1FA26E14-6051-42D5-B7AB-AD1B416A1FA6}.Release|Any CPU.ActiveCfg = Release|Win32
		{1FA26E14-6051-42D5-B7AB-AD1B416A1FA6}.Release|x64.ActiveCfg = Release|x64
		{1FA26E14-6051-42D5-B7AB-AD1B416A1FA6}.Release|x64.Build.0 = Release|x64
		{1FA26E14-6051-42D5-B7AB-AD1B416A1FA6}.Release|x86.ActiveCfg = Release|Win32
		{1FA26E14-6051-42D5-B7AB-AD1B416A1FA6}.Release|x86.Build.0 = Release|Win32
	EndGlobalSection
	GlobalSection(SolutionProperties) = preSolution
		HideSolutionNode = FALSE
	EndGlobalSection
	GlobalSection(NestedProjects) = preSolution
		{C0956810-2F8B-4A10-BBB7-FD3F68F168A9} = {B1E66E62-8E97-49C3-8A6A-328714ED5511}
		{4E1EA2F9-68E5-4C91-9379-EAB23FE0D37F} = {8DE92034-5033-4BA1-8CB6-697087592677}
		{5BE5FAEB-A683-4284-986F-439A93EB13B6} = {8DE92034-5033-4BA1-8CB6-697087592677}
		{24B66FBA-8630-4CA1-B8C6-E48539959996} = {AB18B6E8-FDFA-4809-9022-7333AE2AAEBD}
		{EA04C64B-A23C-4EF1-8994-CE018E1D9642} = {AB18B6E8-FDFA-4809-9022-7333AE2AAEBD}
		{1F2B2186-9FB8-4BCB-AA7D-B5042255861D} = {61CBAC4E-49F5-49AC-8DCA-57A21DABC8DD}
		{DCDCCF92-89C1-4C21-B409-970CD0CF2D4E} = {1F2B2186-9FB8-4BCB-AA7D-B5042255861D}
		{A78B3DE5-B04C-453D-B2B9-DC638FD833C7} = {61CBAC4E-49F5-49AC-8DCA-57A21DABC8DD}
		{0D03D4AD-B834-4BA3-A500-79F7429C5FF5} = {A78B3DE5-B04C-453D-B2B9-DC638FD833C7}
		{CC609FE1-2210-46C7-9DB7-22ED0BDC851B} = {61CBAC4E-49F5-49AC-8DCA-57A21DABC8DD}
		{1FA26E14-6051-42D5-B7AB-AD1B416A1FA6} = {CC609FE1-2210-46C7-9DB7-22ED0BDC851B}
	EndGlobalSection
	GlobalSection(ExtensibilityGlobals) = postSolution
		SolutionGuid = {13BBADC7-0463-4BE3-8978-57E317675828}
	EndGlobalSection
EndGlobal
